
Microsoft Visual Studio Solution File, Format Version 12.00
# Visual Studio Version 16
VisualStudioVersion = 16.0.31613.86
MinimumVisualStudioVersion = 10.0.40219.1
Project("{13B669BE-BB05-4DDF-9536-439F39A36129}") = "EjercicioPropuesto1", "EjercicioPropuesto1.phpproj", "{ACA2DCC0-5210-415C-B63E-122187E5EFFF}"
EndProject
Global
	GlobalSection(SolutionConfigurationPlatforms) = preSolution
		Debug|Any CPU = Debug|Any CPU
		Release|Any CPU = Release|Any CPU
	EndGlobalSection
	GlobalSection(ProjectConfigurationPlatforms) = postSolution
		{ACA2DCC0-5210-415C-B63E-122187E5EFFF}.Debug|Any CPU.ActiveCfg = Debug|Any CPU
		{ACA2DCC0-5210-415C-B63E-122187E5EFFF}.Debug|Any CPU.Build.0 = Debug|Any CPU
		{ACA2DCC0-5210-415C-B63E-122187E5EFFF}.Release|Any CPU.ActiveCfg = Release|Any CPU
		{ACA2DCC0-5210-415C-B63E-122187E5EFFF}.Release|Any CPU.Build.0 = Release|Any CPU
	EndGlobalSection
	GlobalSection(SolutionProperties) = preSolution
		HideSolutionNode = FALSE
	EndGlobalSection
	GlobalSection(ExtensibilityGlobals) = postSolution
		SolutionGuid = {376B77AE-EBF0-458C-A775-CBEB6FF2E364}
	EndGlobalSection
EndGlobal
